// !$*UTF8*$!
{
	archiveVersion = 1;
	classes = {
	};
	objectVersion = 50;
	objects = {

/* Begin PBXBuildFile section */
		12C36029084513185CADBCBB /* Pods_flix_demo.framework in Frameworks */ = {isa = PBXBuildFile; fileRef = B52B549F4B4BB91DB504D0DB /* Pods_flix_demo.framework */; };
		5B47B664F2FFFA21B833C89B /* Pods_flix_demoTests.framework in Frameworks */ = {isa = PBXBuildFile; fileRef = B7513362ECABCED39E0FDD13 /* Pods_flix_demoTests.framework */; };
		93B66888461ABAAC8BC1C098 /* Pods_flix_demoUITests.framework in Frameworks */ = {isa = PBXBuildFile; fileRef = 7970E7E9811441593F211C6E /* Pods_flix_demoUITests.framework */; };
		DDE8F2F5213F506800A90FC9 /* AppDelegate.swift in Sources */ = {isa = PBXBuildFile; fileRef = DDE8F2F4213F506800A90FC9 /* AppDelegate.swift */; };
		DDE8F2FA213F506800A90FC9 /* Main.storyboard in Resources */ = {isa = PBXBuildFile; fileRef = DDE8F2F8213F506800A90FC9 /* Main.storyboard */; };
		DDE8F2FC213F506A00A90FC9 /* Assets.xcassets in Resources */ = {isa = PBXBuildFile; fileRef = DDE8F2FB213F506A00A90FC9 /* Assets.xcassets */; };
		DDE8F2FF213F506A00A90FC9 /* LaunchScreen.storyboard in Resources */ = {isa = PBXBuildFile; fileRef = DDE8F2FD213F506A00A90FC9 /* LaunchScreen.storyboard */; };
		DDE8F30A213F506A00A90FC9 /* flix_demoTests.swift in Sources */ = {isa = PBXBuildFile; fileRef = DDE8F309213F506A00A90FC9 /* flix_demoTests.swift */; };
		DDE8F315213F506A00A90FC9 /* flix_demoUITests.swift in Sources */ = {isa = PBXBuildFile; fileRef = DDE8F314213F506A00A90FC9 /* flix_demoUITests.swift */; };
		DDE8F323213F57ED00A90FC9 /* NowPlayingViewController.swift in Sources */ = {isa = PBXBuildFile; fileRef = DDE8F322213F57ED00A90FC9 /* NowPlayingViewController.swift */; };
		DDE8F3252141EABF00A90FC9 /* MovieCell.swift in Sources */ = {isa = PBXBuildFile; fileRef = DDE8F3242141EABF00A90FC9 /* MovieCell.swift */; };
		DDE8F3DE2148871600A90FC9 /* DetailViewController.swift in Sources */ = {isa = PBXBuildFile; fileRef = DDE8F3DD2148871600A90FC9 /* DetailViewController.swift */; };
		DDE8F3E02148927C00A90FC9 /* PosterCell.swift in Sources */ = {isa = PBXBuildFile; fileRef = DDE8F3DF2148927C00A90FC9 /* PosterCell.swift */; };
		DDE8F3E2214892D600A90FC9 /* SuperheroViewController.swift in Sources */ = {isa = PBXBuildFile; fileRef = DDE8F3E1214892D600A90FC9 /* SuperheroViewController.swift */; };
/* End PBXBuildFile section */

/* Begin PBXContainerItemProxy section */
		DDE8F306213F506A00A90FC9 /* PBXContainerItemProxy */ = {
			isa = PBXContainerItemProxy;
			containerPortal = DDE8F2E9213F506800A90FC9 /* Project object */;
			proxyType = 1;
			remoteGlobalIDString = DDE8F2F0213F506800A90FC9;
			remoteInfo = flix_demo;
		};
		DDE8F311213F506A00A90FC9 /* PBXContainerItemProxy */ = {
			isa = PBXContainerItemProxy;
			containerPortal = DDE8F2E9213F506800A90FC9 /* Project object */;
			proxyType = 1;
			remoteGlobalIDString = DDE8F2F0213F506800A90FC9;
			remoteInfo = flix_demo;
		};
/* End PBXContainerItemProxy section */

/* Begin PBXFileReference section */
		1D5E5D8A797F77674564D468 /* Pods-flix_demo.release.xcconfig */ = {isa = PBXFileReference; includeInIndex = 1; lastKnownFileType = text.xcconfig; name = "Pods-flix_demo.release.xcconfig"; path = "Pods/Target Support Files/Pods-flix_demo/Pods-flix_demo.release.xcconfig"; sourceTree = "<group>"; };
		351D7557C92C343A9900AD2A /* Pods-flix_demo.debug.xcconfig */ = {isa = PBXFileReference; includeInIndex = 1; lastKnownFileType = text.xcconfig; name = "Pods-flix_demo.debug.xcconfig"; path = "Pods/Target Support Files/Pods-flix_demo/Pods-flix_demo.debug.xcconfig"; sourceTree = "<group>"; };
		70A9247FD3FFAB7F16184040 /* Pods-flix_demoUITests.release.xcconfig */ = {isa = PBXFileReference; includeInIndex = 1; lastKnownFileType = text.xcconfig; name = "Pods-flix_demoUITests.release.xcconfig"; path = "Pods/Target Support Files/Pods-flix_demoUITests/Pods-flix_demoUITests.release.xcconfig"; sourceTree = "<group>"; };
		7970E7E9811441593F211C6E /* Pods_flix_demoUITests.framework */ = {isa = PBXFileReference; explicitFileType = wrapper.framework; includeInIndex = 0; path = Pods_flix_demoUITests.framework; sourceTree = BUILT_PRODUCTS_DIR; };
		8A9C90F50C032EB4DB888873 /* Pods-flix_demoTests.release.xcconfig */ = {isa = PBXFileReference; includeInIndex = 1; lastKnownFileType = text.xcconfig; name = "Pods-flix_demoTests.release.xcconfig"; path = "Pods/Target Support Files/Pods-flix_demoTests/Pods-flix_demoTests.release.xcconfig"; sourceTree = "<group>"; };
		96FA886C903E9C7B12838092 /* Pods-flix_demoTests.debug.xcconfig */ = {isa = PBXFileReference; includeInIndex = 1; lastKnownFileType = text.xcconfig; name = "Pods-flix_demoTests.debug.xcconfig"; path = "Pods/Target Support Files/Pods-flix_demoTests/Pods-flix_demoTests.debug.xcconfig"; sourceTree = "<group>"; };
		B52B549F4B4BB91DB504D0DB /* Pods_flix_demo.framework */ = {isa = PBXFileReference; explicitFileType = wrapper.framework; includeInIndex = 0; path = Pods_flix_demo.framework; sourceTree = BUILT_PRODUCTS_DIR; };
		B7513362ECABCED39E0FDD13 /* Pods_flix_demoTests.framework */ = {isa = PBXFileReference; explicitFileType = wrapper.framework; includeInIndex = 0; path = Pods_flix_demoTests.framework; sourceTree = BUILT_PRODUCTS_DIR; };
		DDE8F2F1213F506800A90FC9 /* flix_demo.app */ = {isa = PBXFileReference; explicitFileType = wrapper.application; includeInIndex = 0; path = flix_demo.app; sourceTree = BUILT_PRODUCTS_DIR; };
		DDE8F2F4213F506800A90FC9 /* AppDelegate.swift */ = {isa = PBXFileReference; lastKnownFileType = sourcecode.swift; path = AppDelegate.swift; sourceTree = "<group>"; };
		DDE8F2F9213F506800A90FC9 /* Base */ = {isa = PBXFileReference; lastKnownFileType = file.storyboard; name = Base; path = Base.lproj/Main.storyboard; sourceTree = "<group>"; };
		DDE8F2FB213F506A00A90FC9 /* Assets.xcassets */ = {isa = PBXFileReference; lastKnownFileType = folder.assetcatalog; path = Assets.xcassets; sourceTree = "<group>"; };
		DDE8F2FE213F506A00A90FC9 /* Base */ = {isa = PBXFileReference; lastKnownFileType = file.storyboard; name = Base; path = Base.lproj/LaunchScreen.storyboard; sourceTree = "<group>"; };
		DDE8F300213F506A00A90FC9 /* Info.plist */ = {isa = PBXFileReference; lastKnownFileType = text.plist.xml; path = Info.plist; sourceTree = "<group>"; };
		DDE8F305213F506A00A90FC9 /* flix_demoTests.xctest */ = {isa = PBXFileReference; explicitFileType = wrapper.cfbundle; includeInIndex = 0; path = flix_demoTests.xctest; sourceTree = BUILT_PRODUCTS_DIR; };
		DDE8F309213F506A00A90FC9 /* flix_demoTests.swift */ = {isa = PBXFileReference; lastKnownFileType = sourcecode.swift; path = flix_demoTests.swift; sourceTree = "<group>"; };
		DDE8F30B213F506A00A90FC9 /* Info.plist */ = {isa = PBXFileReference; lastKnownFileType = text.plist.xml; path = Info.plist; sourceTree = "<group>"; };
		DDE8F310213F506A00A90FC9 /* flix_demoUITests.xctest */ = {isa = PBXFileReference; explicitFileType = wrapper.cfbundle; includeInIndex = 0; path = flix_demoUITests.xctest; sourceTree = BUILT_PRODUCTS_DIR; };
		DDE8F314213F506A00A90FC9 /* flix_demoUITests.swift */ = {isa = PBXFileReference; lastKnownFileType = sourcecode.swift; path = flix_demoUITests.swift; sourceTree = "<group>"; };
		DDE8F316213F506A00A90FC9 /* Info.plist */ = {isa = PBXFileReference; lastKnownFileType = text.plist.xml; path = Info.plist; sourceTree = "<group>"; };
		DDE8F322213F57ED00A90FC9 /* NowPlayingViewController.swift */ = {isa = PBXFileReference; lastKnownFileType = sourcecode.swift; path = NowPlayingViewController.swift; sourceTree = "<group>"; };
		DDE8F3242141EABF00A90FC9 /* MovieCell.swift */ = {isa = PBXFileReference; lastKnownFileType = sourcecode.swift; path = MovieCell.swift; sourceTree = "<group>"; };
		DDE8F3DD2148871600A90FC9 /* DetailViewController.swift */ = {isa = PBXFileReference; lastKnownFileType = sourcecode.swift; path = DetailViewController.swift; sourceTree = "<group>"; };
		DDE8F3DF2148927C00A90FC9 /* PosterCell.swift */ = {isa = PBXFileReference; lastKnownFileType = sourcecode.swift; path = PosterCell.swift; sourceTree = "<group>"; };
		DDE8F3E1214892D600A90FC9 /* SuperheroViewController.swift */ = {isa = PBXFileReference; lastKnownFileType = sourcecode.swift; path = SuperheroViewController.swift; sourceTree = "<group>"; };
		E2E6A3A597BCD78664534C99 /* Pods-flix_demoUITests.debug.xcconfig */ = {isa = PBXFileReference; includeInIndex = 1; lastKnownFileType = text.xcconfig; name = "Pods-flix_demoUITests.debug.xcconfig"; path = "Pods/Target Support Files/Pods-flix_demoUITests/Pods-flix_demoUITests.debug.xcconfig"; sourceTree = "<group>"; };
/* End PBXFileReference section */

/* Begin PBXFrameworksBuildPhase section */
		DDE8F2EE213F506800A90FC9 /* Frameworks */ = {
			isa = PBXFrameworksBuildPhase;
			buildActionMask = 2147483647;
			files = (
				12C36029084513185CADBCBB /* Pods_flix_demo.framework in Frameworks */,
			);
			runOnlyForDeploymentPostprocessing = 0;
		};
		DDE8F302213F506A00A90FC9 /* Frameworks */ = {
			isa = PBXFrameworksBuildPhase;
			buildActionMask = 2147483647;
			files = (
				5B47B664F2FFFA21B833C89B /* Pods_flix_demoTests.framework in Frameworks */,
			);
			runOnlyForDeploymentPostprocessing = 0;
		};
		DDE8F30D213F506A00A90FC9 /* Frameworks */ = {
			isa = PBXFrameworksBuildPhase;
			buildActionMask = 2147483647;
			files = (
				93B66888461ABAAC8BC1C098 /* Pods_flix_demoUITests.framework in Frameworks */,
			);
			runOnlyForDeploymentPostprocessing = 0;
		};
/* End PBXFrameworksBuildPhase section */

/* Begin PBXGroup section */
		55079B3F136D01CD2D24AEAA /* Frameworks */ = {
			isa = PBXGroup;
			children = (
				B52B549F4B4BB91DB504D0DB /* Pods_flix_demo.framework */,
				B7513362ECABCED39E0FDD13 /* Pods_flix_demoTests.framework */,
				7970E7E9811441593F211C6E /* Pods_flix_demoUITests.framework */,
			);
			name = Frameworks;
			sourceTree = "<group>";
		};
		7988BA7D42AED5E3ECC42239 /* Pods */ = {
			isa = PBXGroup;
			children = (
				351D7557C92C343A9900AD2A /* Pods-flix_demo.debug.xcconfig */,
				1D5E5D8A797F77674564D468 /* Pods-flix_demo.release.xcconfig */,
				96FA886C903E9C7B12838092 /* Pods-flix_demoTests.debug.xcconfig */,
				8A9C90F50C032EB4DB888873 /* Pods-flix_demoTests.release.xcconfig */,
				E2E6A3A597BCD78664534C99 /* Pods-flix_demoUITests.debug.xcconfig */,
				70A9247FD3FFAB7F16184040 /* Pods-flix_demoUITests.release.xcconfig */,
			);
			name = Pods;
			sourceTree = "<group>";
		};
		DDE8F2E8213F506800A90FC9 = {
			isa = PBXGroup;
			children = (
				DDE8F2F3213F506800A90FC9 /* flix_demo */,
				DDE8F308213F506A00A90FC9 /* flix_demoTests */,
				DDE8F313213F506A00A90FC9 /* flix_demoUITests */,
				DDE8F2F2213F506800A90FC9 /* Products */,
				7988BA7D42AED5E3ECC42239 /* Pods */,
				55079B3F136D01CD2D24AEAA /* Frameworks */,
			);
			sourceTree = "<group>";
		};
		DDE8F2F2213F506800A90FC9 /* Products */ = {
			isa = PBXGroup;
			children = (
				DDE8F2F1213F506800A90FC9 /* flix_demo.app */,
				DDE8F305213F506A00A90FC9 /* flix_demoTests.xctest */,
				DDE8F310213F506A00A90FC9 /* flix_demoUITests.xctest */,
			);
			name = Products;
			sourceTree = "<group>";
		};
		DDE8F2F3213F506800A90FC9 /* flix_demo */ = {
			isa = PBXGroup;
			children = (
				DDE8F3DC214886DB00A90FC9 /* Views */,
				DDE8F3DB214886C900A90FC9 /* ViewControllers */,
				DDE8F2F4213F506800A90FC9 /* AppDelegate.swift */,
				DDE8F2F8213F506800A90FC9 /* Main.storyboard */,
				DDE8F2FB213F506A00A90FC9 /* Assets.xcassets */,
				DDE8F2FD213F506A00A90FC9 /* LaunchScreen.storyboard */,
				DDE8F300213F506A00A90FC9 /* Info.plist */,
			);
			path = flix_demo;
			sourceTree = "<group>";
		};
		DDE8F308213F506A00A90FC9 /* flix_demoTests */ = {
			isa = PBXGroup;
			children = (
				DDE8F309213F506A00A90FC9 /* flix_demoTests.swift */,
				DDE8F30B213F506A00A90FC9 /* Info.plist */,
			);
			path = flix_demoTests;
			sourceTree = "<group>";
		};
		DDE8F313213F506A00A90FC9 /* flix_demoUITests */ = {
			isa = PBXGroup;
			children = (
				DDE8F314213F506A00A90FC9 /* flix_demoUITests.swift */,
				DDE8F316213F506A00A90FC9 /* Info.plist */,
			);
			path = flix_demoUITests;
			sourceTree = "<group>";
		};
		DDE8F3DB214886C900A90FC9 /* ViewControllers */ = {
			isa = PBXGroup;
			children = (
				DDE8F322213F57ED00A90FC9 /* NowPlayingViewController.swift */,
				DDE8F3DD2148871600A90FC9 /* DetailViewController.swift */,
				DDE8F3E1214892D600A90FC9 /* SuperheroViewController.swift */,
			);
			path = ViewControllers;
			sourceTree = "<group>";
		};
		DDE8F3DC214886DB00A90FC9 /* Views */ = {
			isa = PBXGroup;
			children = (
				DDE8F3242141EABF00A90FC9 /* MovieCell.swift */,
				DDE8F3DF2148927C00A90FC9 /* PosterCell.swift */,
			);
			path = Views;
			sourceTree = "<group>";
		};
/* End PBXGroup section */

/* Begin PBXNativeTarget section */
		DDE8F2F0213F506800A90FC9 /* flix_demo */ = {
			isa = PBXNativeTarget;
			buildConfigurationList = DDE8F319213F506A00A90FC9 /* Build configuration list for PBXNativeTarget "flix_demo" */;
			buildPhases = (
				73B973F9EFD7D912A3CB46BA /* [CP] Check Pods Manifest.lock */,
				DDE8F2ED213F506800A90FC9 /* Sources */,
				DDE8F2EE213F506800A90FC9 /* Frameworks */,
				DDE8F2EF213F506800A90FC9 /* Resources */,
				C1D06887C0A4AE79EFC339F7 /* [CP] Embed Pods Frameworks */,
			);
			buildRules = (
			);
			dependencies = (
			);
			name = flix_demo;
			productName = flix_demo;
			productReference = DDE8F2F1213F506800A90FC9 /* flix_demo.app */;
			productType = "com.apple.product-type.application";
		};
		DDE8F304213F506A00A90FC9 /* flix_demoTests */ = {
			isa = PBXNativeTarget;
			buildConfigurationList = DDE8F31C213F506A00A90FC9 /* Build configuration list for PBXNativeTarget "flix_demoTests" */;
			buildPhases = (
				648E9D76C08D006463F1CB1F /* [CP] Check Pods Manifest.lock */,
				DDE8F301213F506A00A90FC9 /* Sources */,
				DDE8F302213F506A00A90FC9 /* Frameworks */,
				DDE8F303213F506A00A90FC9 /* Resources */,
			);
			buildRules = (
			);
			dependencies = (
				DDE8F307213F506A00A90FC9 /* PBXTargetDependency */,
			);
			name = flix_demoTests;
			productName = flix_demoTests;
			productReference = DDE8F305213F506A00A90FC9 /* flix_demoTests.xctest */;
			productType = "com.apple.product-type.bundle.unit-test";
		};
		DDE8F30F213F506A00A90FC9 /* flix_demoUITests */ = {
			isa = PBXNativeTarget;
			buildConfigurationList = DDE8F31F213F506A00A90FC9 /* Build configuration list for PBXNativeTarget "flix_demoUITests" */;
			buildPhases = (
				792EC725215B4EEBB9CBA981 /* [CP] Check Pods Manifest.lock */,
				DDE8F30C213F506A00A90FC9 /* Sources */,
				DDE8F30D213F506A00A90FC9 /* Frameworks */,
				DDE8F30E213F506A00A90FC9 /* Resources */,
			);
			buildRules = (
			);
			dependencies = (
				DDE8F312213F506A00A90FC9 /* PBXTargetDependency */,
			);
			name = flix_demoUITests;
			productName = flix_demoUITests;
			productReference = DDE8F310213F506A00A90FC9 /* flix_demoUITests.xctest */;
			productType = "com.apple.product-type.bundle.ui-testing";
		};
/* End PBXNativeTarget section */

/* Begin PBXProject section */
		DDE8F2E9213F506800A90FC9 /* Project object */ = {
			isa = PBXProject;
			attributes = {
				LastSwiftUpdateCheck = 0940;
				LastUpgradeCheck = 0940;
				ORGANIZATIONNAME = "Milind Siddhanti";
				TargetAttributes = {
					DDE8F2F0213F506800A90FC9 = {
						CreatedOnToolsVersion = 9.4.1;
					};
					DDE8F304213F506A00A90FC9 = {
						CreatedOnToolsVersion = 9.4.1;
						TestTargetID = DDE8F2F0213F506800A90FC9;
					};
					DDE8F30F213F506A00A90FC9 = {
						CreatedOnToolsVersion = 9.4.1;
						TestTargetID = DDE8F2F0213F506800A90FC9;
					};
				};
			};
			buildConfigurationList = DDE8F2EC213F506800A90FC9 /* Build configuration list for PBXProject "flix_demo" */;
			compatibilityVersion = "Xcode 9.3";
			developmentRegion = en;
			hasScannedForEncodings = 0;
			knownRegions = (
				en,
				Base,
			);
			mainGroup = DDE8F2E8213F506800A90FC9;
			productRefGroup = DDE8F2F2213F506800A90FC9 /* Products */;
			projectDirPath = "";
			projectRoot = "";
			targets = (
				DDE8F2F0213F506800A90FC9 /* flix_demo */,
				DDE8F304213F506A00A90FC9 /* flix_demoTests */,
				DDE8F30F213F506A00A90FC9 /* flix_demoUITests */,
			);
		};
/* End PBXProject section */

/* Begin PBXResourcesBuildPhase section */
		DDE8F2EF213F506800A90FC9 /* Resources */ = {
			isa = PBXResourcesBuildPhase;
			buildActionMask = 2147483647;
			files = (
				DDE8F2FF213F506A00A90FC9 /* LaunchScreen.storyboard in Resources */,
				DDE8F2FC213F506A00A90FC9 /* Assets.xcassets in Resources */,
				DDE8F2FA213F506800A90FC9 /* Main.storyboard in Resources */,
			);
			runOnlyForDeploymentPostprocessing = 0;
		};
		DDE8F303213F506A00A90FC9 /* Resources */ = {
			isa = PBXResourcesBuildPhase;
			buildActionMask = 2147483647;
			files = (
			);
			runOnlyForDeploymentPostprocessing = 0;
		};
		DDE8F30E213F506A00A90FC9 /* Resources */ = {
			isa = PBXResourcesBuildPhase;
			buildActionMask = 2147483647;
			files = (
			);
			runOnlyForDeploymentPostprocessing = 0;
		};
/* End PBXResourcesBuildPhase section */

/* Begin PBXShellScriptBuildPhase section */
		648E9D76C08D006463F1CB1F /* [CP] Check Pods Manifest.lock */ = {
			isa = PBXShellScriptBuildPhase;
			buildActionMask = 2147483647;
			files = (
			);
			inputPaths = (
				"${PODS_PODFILE_DIR_PATH}/Podfile.lock",
				"${PODS_ROOT}/Manifest.lock",
			);
			name = "[CP] Check Pods Manifest.lock";
			outputPaths = (
				"$(DERIVED_FILE_DIR)/Pods-flix_demoTests-checkManifestLockResult.txt",
			);
			runOnlyForDeploymentPostprocessing = 0;
			shellPath = /bin/sh;
			shellScript = "diff \"${PODS_PODFILE_DIR_PATH}/Podfile.lock\" \"${PODS_ROOT}/Manifest.lock\" > /dev/null\nif [ $? != 0 ] ; then\n    # print error to STDERR\n    echo \"error: The sandbox is not in sync with the Podfile.lock. Run 'pod install' or update your CocoaPods installation.\" >&2\n    exit 1\nfi\n# This output is used by Xcode 'outputs' to avoid re-running this script phase.\necho \"SUCCESS\" > \"${SCRIPT_OUTPUT_FILE_0}\"\n";
			showEnvVarsInLog = 0;
		};
		73B973F9EFD7D912A3CB46BA /* [CP] Check Pods Manifest.lock */ = {
			isa = PBXShellScriptBuildPhase;
			buildActionMask = 2147483647;
			files = (
			);
			inputPaths = (
				"${PODS_PODFILE_DIR_PATH}/Podfile.lock",
				"${PODS_ROOT}/Manifest.lock",
			);
			name = "[CP] Check Pods Manifest.lock";
			outputPaths = (
				"$(DERIVED_FILE_DIR)/Pods-flix_demo-checkManifestLockResult.txt",
			);
			runOnlyForDeploymentPostprocessing = 0;
			shellPath = /bin/sh;
			shellScript = "diff \"${PODS_PODFILE_DIR_PATH}/Podfile.lock\" \"${PODS_ROOT}/Manifest.lock\" > /dev/null\nif [ $? != 0 ] ; then\n    # print error to STDERR\n    echo \"error: The sandbox is not in sync with the Podfile.lock. Run 'pod install' or update your CocoaPods installation.\" >&2\n    exit 1\nfi\n# This output is used by Xcode 'outputs' to avoid re-running this script phase.\necho \"SUCCESS\" > \"${SCRIPT_OUTPUT_FILE_0}\"\n";
			showEnvVarsInLog = 0;
		};
		792EC725215B4EEBB9CBA981 /* [CP] Check Pods Manifest.lock */ = {
			isa = PBXShellScriptBuildPhase;
			buildActionMask = 2147483647;
			files = (
			);
			inputPaths = (
				"${PODS_PODFILE_DIR_PATH}/Podfile.lock",
				"${PODS_ROOT}/Manifest.lock",
			);
			name = "[CP] Check Pods Manifest.lock";
			outputPaths = (
				"$(DERIVED_FILE_DIR)/Pods-flix_demoUITests-checkManifestLockResult.txt",
			);
			runOnlyForDeploymentPostprocessing = 0;
			shellPath = /bin/sh;
			shellScript = "diff \"${PODS_PODFILE_DIR_PATH}/Podfile.lock\" \"${PODS_ROOT}/Manifest.lock\" > /dev/null\nif [ $? != 0 ] ; then\n    # print error to STDERR\n    echo \"error: The sandbox is not in sync with the Podfile.lock. Run 'pod install' or update your CocoaPods installation.\" >&2\n    exit 1\nfi\n# This output is used by Xcode 'outputs' to avoid re-running this script phase.\necho \"SUCCESS\" > \"${SCRIPT_OUTPUT_FILE_0}\"\n";
			showEnvVarsInLog = 0;
		};
		C1D06887C0A4AE79EFC339F7 /* [CP] Embed Pods Frameworks */ = {
			isa = PBXShellScriptBuildPhase;
			buildActionMask = 2147483647;
			files = (
			);
			inputPaths = (
				"${SRCROOT}/Pods/Target Support Files/Pods-flix_demo/Pods-flix_demo-frameworks.sh",
				"${BUILT_PRODUCTS_DIR}/Alamofire/Alamofire.framework",
				"${BUILT_PRODUCTS_DIR}/AlamofireImage/AlamofireImage.framework",
			);
			name = "[CP] Embed Pods Frameworks";
			outputPaths = (
				"${TARGET_BUILD_DIR}/${FRAMEWORKS_FOLDER_PATH}/Alamofire.framework",
				"${TARGET_BUILD_DIR}/${FRAMEWORKS_FOLDER_PATH}/AlamofireImage.framework",
			);
			runOnlyForDeploymentPostprocessing = 0;
			shellPath = /bin/sh;
			shellScript = "\"${SRCROOT}/Pods/Target Support Files/Pods-flix_demo/Pods-flix_demo-frameworks.sh\"\n";
			showEnvVarsInLog = 0;
		};
/* End PBXShellScriptBuildPhase section */

/* Begin PBXSourcesBuildPhase section */
		DDE8F2ED213F506800A90FC9 /* Sources */ = {
			isa = PBXSourcesBuildPhase;
			buildActionMask = 2147483647;
			files = (
				DDE8F323213F57ED00A90FC9 /* NowPlayingViewController.swift in Sources */,
				DDE8F3E02148927C00A90FC9 /* PosterCell.swift in Sources */,
				DDE8F3E2214892D600A90FC9 /* SuperheroViewController.swift in Sources */,
				DDE8F2F5213F506800A90FC9 /* AppDelegate.swift in Sources */,
				DDE8F3252141EABF00A90FC9 /* MovieCell.swift in Sources */,
				DDE8F3DE2148871600A90FC9 /* DetailViewController.swift in Sources */,
			);
			runOnlyForDeploymentPostprocessing = 0;
		};
		DDE8F301213F506A00A90FC9 /* Sources */ = {
			isa = PBXSourcesBuildPhase;
			buildActionMask = 2147483647;
			files = (
				DDE8F30A213F506A00A90FC9 /* flix_demoTests.swift in Sources */,
			);
			runOnlyForDeploymentPostprocessing = 0;
		};
		DDE8F30C213F506A00A90FC9 /* Sources */ = {
			isa = PBXSourcesBuildPhase;
			buildActionMask = 2147483647;
			files = (
				DDE8F315213F506A00A90FC9 /* flix_demoUITests.swift in Sources */,
			);
			runOnlyForDeploymentPostprocessing = 0;
		};
/* End PBXSourcesBuildPhase section */

/* Begin PBXTargetDependency section */
		DDE8F307213F506A00A90FC9 /* PBXTargetDependency */ = {
			isa = PBXTargetDependency;
			target = DDE8F2F0213F506800A90FC9 /* flix_demo */;
			targetProxy = DDE8F306213F506A00A90FC9 /* PBXContainerItemProxy */;
		};
		DDE8F312213F506A00A90FC9 /* PBXTargetDependency */ = {
			isa = PBXTargetDependency;
			target = DDE8F2F0213F506800A90FC9 /* flix_demo */;
			targetProxy = DDE8F311213F506A00A90FC9 /* PBXContainerItemProxy */;
		};
/* End PBXTargetDependency section */

/* Begin PBXVariantGroup section */
		DDE8F2F8213F506800A90FC9 /* Main.storyboard */ = {
			isa = PBXVariantGroup;
			children = (
				DDE8F2F9213F506800A90FC9 /* Base */,
			);
			name = Main.storyboard;
			sourceTree = "<group>";
		};
		DDE8F2FD213F506A00A90FC9 /* LaunchScreen.storyboard */ = {
			isa = PBXVariantGroup;
			children = (
				DDE8F2FE213F506A00A90FC9 /* Base */,
			);
			name = LaunchScreen.storyboard;
			sourceTree = "<group>";
		};
/* End PBXVariantGroup section */

/* Begin XCBuildConfiguration section */
		DDE8F317213F506A00A90FC9 /* Debug */ = {
			isa = XCBuildConfiguration;
			buildSettings = {
				ALWAYS_SEARCH_USER_PATHS = NO;
				CLANG_ANALYZER_NONNULL = YES;
				CLANG_ANALYZER_NUMBER_OBJECT_CONVERSION = YES_AGGRESSIVE;
				CLANG_CXX_LANGUAGE_STANDARD = "gnu++14";
				CLANG_CXX_LIBRARY = "libc++";
				CLANG_ENABLE_MODULES = YES;
				CLANG_ENABLE_OBJC_ARC = YES;
				CLANG_ENABLE_OBJC_WEAK = YES;
				CLANG_WARN_BLOCK_CAPTURE_AUTORELEASING = YES;
				CLANG_WARN_BOOL_CONVERSION = YES;
				CLANG_WARN_COMMA = YES;
				CLANG_WARN_CONSTANT_CONVERSION = YES;
				CLANG_WARN_DEPRECATED_OBJC_IMPLEMENTATIONS = YES;
				CLANG_WARN_DIRECT_OBJC_ISA_USAGE = YES_ERROR;
				CLANG_WARN_DOCUMENTATION_COMMENTS = YES;
				CLANG_WARN_EMPTY_BODY = YES;
				CLANG_WARN_ENUM_CONVERSION = YES;
				CLANG_WARN_INFINITE_RECURSION = YES;
				CLANG_WARN_INT_CONVERSION = YES;
				CLANG_WARN_NON_LITERAL_NULL_CONVERSION = YES;
				CLANG_WARN_OBJC_IMPLICIT_RETAIN_SELF = YES;
				CLANG_WARN_OBJC_LITERAL_CONVERSION = YES;
				CLANG_WARN_OBJC_ROOT_CLASS = YES_ERROR;
				CLANG_WARN_RANGE_LOOP_ANALYSIS = YES;
				CLANG_WARN_STRICT_PROTOTYPES = YES;
				CLANG_WARN_SUSPICIOUS_MOVE = YES;
				CLANG_WARN_UNGUARDED_AVAILABILITY = YES_AGGRESSIVE;
				CLANG_WARN_UNREACHABLE_CODE = YES;
				CLANG_WARN__DUPLICATE_METHOD_MATCH = YES;
				CODE_SIGN_IDENTITY = "iPhone Developer";
				COPY_PHASE_STRIP = NO;
				DEBUG_INFORMATION_FORMAT = dwarf;
				ENABLE_STRICT_OBJC_MSGSEND = YES;
				ENABLE_TESTABILITY = YES;
				GCC_C_LANGUAGE_STANDARD = gnu11;
				GCC_DYNAMIC_NO_PIC = NO;
				GCC_NO_COMMON_BLOCKS = YES;
				GCC_OPTIMIZATION_LEVEL = 0;
				GCC_PREPROCESSOR_DEFINITIONS = (
					"DEBUG=1",
					"$(inherited)",
				);
				GCC_WARN_64_TO_32_BIT_CONVERSION = YES;
				GCC_WARN_ABOUT_RETURN_TYPE = YES_ERROR;
				GCC_WARN_UNDECLARED_SELECTOR = YES;
				GCC_WARN_UNINITIALIZED_AUTOS = YES_AGGRESSIVE;
				GCC_WARN_UNUSED_FUNCTION = YES;
				GCC_WARN_UNUSED_VARIABLE = YES;
				IPHONEOS_DEPLOYMENT_TARGET = 11.4;
				MTL_ENABLE_DEBUG_INFO = YES;
				ONLY_ACTIVE_ARCH = YES;
				SDKROOT = iphoneos;
				SWIFT_ACTIVE_COMPILATION_CONDITIONS = DEBUG;
				SWIFT_OPTIMIZATION_LEVEL = "-Onone";
			};
			name = Debug;
		};
		DDE8F318213F506A00A90FC9 /* Release */ = {
			isa = XCBuildConfiguration;
			buildSettings = {
				ALWAYS_SEARCH_USER_PATHS = NO;
				CLANG_ANALYZER_NONNULL = YES;
				CLANG_ANALYZER_NUMBER_OBJECT_CONVERSION = YES_AGGRESSIVE;
				CLANG_CXX_LANGUAGE_STANDARD = "gnu++14";
				CLANG_CXX_LIBRARY = "libc++";
				CLANG_ENABLE_MODULES = YES;
				CLANG_ENABLE_OBJC_ARC = YES;
				CLANG_ENABLE_OBJC_WEAK = YES;
				CLANG_WARN_BLOCK_CAPTURE_AUTORELEASING = YES;
				CLANG_WARN_BOOL_CONVERSION = YES;
				CLANG_WARN_COMMA = YES;
				CLANG_WARN_CONSTANT_CONVERSION = YES;
				CLANG_WARN_DEPRECATED_OBJC_IMPLEMENTATIONS = YES;
				CLANG_WARN_DIRECT_OBJC_ISA_USAGE = YES_ERROR;
				CLANG_WARN_DOCUMENTATION_COMMENTS = YES;
				CLANG_WARN_EMPTY_BODY = YES;
				CLANG_WARN_ENUM_CONVERSION = YES;
				CLANG_WARN_INFINITE_RECURSION = YES;
				CLANG_WARN_INT_CONVERSION = YES;
				CLANG_WARN_NON_LITERAL_NULL_CONVERSION = YES;
				CLANG_WARN_OBJC_IMPLICIT_RETAIN_SELF = YES;
				CLANG_WARN_OBJC_LITERAL_CONVERSION = YES;
				CLANG_WARN_OBJC_ROOT_CLASS = YES_ERROR;
				CLANG_WARN_RANGE_LOOP_ANALYSIS = YES;
				CLANG_WARN_STRICT_PROTOTYPES = YES;
				CLANG_WARN_SUSPICIOUS_MOVE = YES;
				CLANG_WARN_UNGUARDED_AVAILABILITY = YES_AGGRESSIVE;
				CLANG_WARN_UNREACHABLE_CODE = YES;
				CLANG_WARN__DUPLICATE_METHOD_MATCH = YES;
				CODE_SIGN_IDENTITY = "iPhone Developer";
				COPY_PHASE_STRIP = NO;
				DEBUG_INFORMATION_FORMAT = "dwarf-with-dsym";
				ENABLE_NS_ASSERTIONS = NO;
				ENABLE_STRICT_OBJC_MSGSEND = YES;
				GCC_C_LANGUAGE_STANDARD = gnu11;
				GCC_NO_COMMON_BLOCKS = YES;
				GCC_WARN_64_TO_32_BIT_CONVERSION = YES;
				GCC_WARN_ABOUT_RETURN_TYPE = YES_ERROR;
				GCC_WARN_UNDECLARED_SELECTOR = YES;
				GCC_WARN_UNINITIALIZED_AUTOS = YES_AGGRESSIVE;
				GCC_WARN_UNUSED_FUNCTION = YES;
				GCC_WARN_UNUSED_VARIABLE = YES;
				IPHONEOS_DEPLOYMENT_TARGET = 11.4;
				MTL_ENABLE_DEBUG_INFO = NO;
				SDKROOT = iphoneos;
				SWIFT_COMPILATION_MODE = wholemodule;
				SWIFT_OPTIMIZATION_LEVEL = "-O";
				VALIDATE_PRODUCT = YES;
			};
			name = Release;
		};
		DDE8F31A213F506A00A90FC9 /* Debug */ = {
			isa = XCBuildConfiguration;
			baseConfigurationReference = 351D7557C92C343A9900AD2A /* Pods-flix_demo.debug.xcconfig */;
			buildSettings = {
				ASSETCATALOG_COMPILER_APPICON_NAME = AppIcon;
				CODE_SIGN_STYLE = Automatic;
				INFOPLIST_FILE = flix_demo/Info.plist;
				LD_RUNPATH_SEARCH_PATHS = (
					"$(inherited)",
					"@executable_path/Frameworks",
				);
				PRODUCT_BUNDLE_IDENTIFIER = "com.code.flix-demo";
				PRODUCT_NAME = "$(TARGET_NAME)";
				SWIFT_VERSION = 4.0;
				TARGETED_DEVICE_FAMILY = "1,2";
			};
			name = Debug;
		};
		DDE8F31B213F506A00A90FC9 /* Release */ = {
			isa = XCBuildConfiguration;
			baseConfigurationReference = 1D5E5D8A797F77674564D468 /* Pods-flix_demo.release.xcconfig */;
			buildSettings = {
				ASSETCATALOG_COMPILER_APPICON_NAME = AppIcon;
				CODE_SIGN_STYLE = Automatic;
				INFOPLIST_FILE = flix_demo/Info.plist;
				LD_RUNPATH_SEARCH_PATHS = (
					"$(inherited)",
					"@executable_path/Frameworks",
				);
				PRODUCT_BUNDLE_IDENTIFIER = "com.code.flix-demo";
				PRODUCT_NAME = "$(TARGET_NAME)";
				SWIFT_VERSION = 4.0;
				TARGETED_DEVICE_FAMILY = "1,2";
			};
			name = Release;
		};
		DDE8F31D213F506A00A90FC9 /* Debug */ = {
			isa = XCBuildConfiguration;
			baseConfigurationReference = 96FA886C903E9C7B12838092 /* Pods-flix_demoTests.debug.xcconfig */;
			buildSettings = {
				ALWAYS_EMBED_SWIFT_STANDARD_LIBRARIES = YES;
				BUNDLE_LOADER = "$(TEST_HOST)";
				CODE_SIGN_STYLE = Automatic;
				INFOPLIST_FILE = flix_demoTests/Info.plist;
				LD_RUNPATH_SEARCH_PATHS = (
					"$(inherited)",
					"@executable_path/Frameworks",
					"@loader_path/Frameworks",
				);
				PRODUCT_BUNDLE_IDENTIFIER = "com.code.flix-demoTests";
				PRODUCT_NAME = "$(TARGET_NAME)";
				SWIFT_VERSION = 4.0;
				TARGETED_DEVICE_FAMILY = "1,2";
				TEST_HOST = "$(BUILT_PRODUCTS_DIR)/flix_demo.app/flix_demo";
			};
			name = Debug;
		};
		DDE8F31E213F506A00A90FC9 /* Release */ = {
			isa = XCBuildConfiguration;
			baseConfigurationReference = 8A9C90F50C032EB4DB888873 /* Pods-flix_demoTests.release.xcconfig */;
			buildSettings = {
				ALWAYS_EMBED_SWIFT_STANDARD_LIBRARIES = YES;
				BUNDLE_LOADER = "$(TEST_HOST)";
				CODE_SIGN_STYLE = Automatic;
				INFOPLIST_FILE = flix_demoTests/Info.plist;
				LD_RUNPATH_SEARCH_PATHS = (
					"$(inherited)",
					"@executable_path/Frameworks",
					"@loader_path/Frameworks",
				);
				PRODUCT_BUNDLE_IDENTIFIER = "com.code.flix-demoTests";
				PRODUCT_NAME = "$(TARGET_NAME)";
				SWIFT_VERSION = 4.0;
				TARGETED_DEVICE_FAMILY = "1,2";
				TEST_HOST = "$(BUILT_PRODUCTS_DIR)/flix_demo.app/flix_demo";
			};
			name = Release;
		};
		DDE8F320213F506A00A90FC9 /* Debug */ = {
			isa = XCBuildConfiguration;
			baseConfigurationReference = E2E6A3A597BCD78664534C99 /* Pods-flix_demoUITests.debug.xcconfig */;
			buildSettings = {
				ALWAYS_EMBED_SWIFT_STANDARD_LIBRARIES = YES;
				CODE_SIGN_STYLE = Automatic;
				INFOPLIST_FILE = flix_demoUITests/Info.plist;
				LD_RUNPATH_SEARCH_PATHS = (
					"$(inherited)",
					"@executable_path/Frameworks",
					"@loader_path/Frameworks",
				);
				PRODUCT_BUNDLE_IDENTIFIER = "com.code.flix-demoUITests";
				PRODUCT_NAME = "$(TARGET_NAME)";
				SWIFT_VERSION = 4.0;
				TARGETED_DEVICE_FAMILY = "1,2";
				TEST_TARGET_NAME = flix_demo;
			};
			name = Debug;
		};
		DDE8F321213F506A00A90FC9 /* Release */ = {
			isa = XCBuildConfiguration;
			baseConfigurationReference = 70A9247FD3FFAB7F16184040 /* Pods-flix_demoUITests.release.xcconfig */;
			buildSettings = {
				ALWAYS_EMBED_SWIFT_STANDARD_LIBRARIES = YES;
				CODE_SIGN_STYLE = Automatic;
				INFOPLIST_FILE = flix_demoUITests/Info.plist;
				LD_RUNPATH_SEARCH_PATHS = (
					"$(inherited)",
					"@executable_path/Frameworks",
					"@loader_path/Frameworks",
				);
				PRODUCT_BUNDLE_IDENTIFIER = "com.code.flix-demoUITests";
				PRODUCT_NAME = "$(TARGET_NAME)";
				SWIFT_VERSION = 4.0;
				TARGETED_DEVICE_FAMILY = "1,2";
				TEST_TARGET_NAME = flix_demo;
			};
			name = Release;
		};
/* End XCBuildConfiguration section */

/* Begin XCConfigurationList section */
		DDE8F2EC213F506800A90FC9 /* Build configuration list for PBXProject "flix_demo" */ = {
			isa = XCConfigurationList;
			buildConfigurations = (
				DDE8F317213F506A00A90FC9 /* Debug */,
				DDE8F318213F506A00A90FC9 /* Release */,
			);
			defaultConfigurationIsVisible = 0;
			defaultConfigurationName = Release;
		};
		DDE8F319213F506A00A90FC9 /* Build configuration list for PBXNativeTarget "flix_demo" */ = {
			isa = XCConfigurationList;
			buildConfigurations = (
				DDE8F31A213F506A00A90FC9 /* Debug */,
				DDE8F31B213F506A00A90FC9 /* Release */,
			);
			defaultConfigurationIsVisible = 0;
			defaultConfigurationName = Release;
		};
		DDE8F31C213F506A00A90FC9 /* Build configuration list for PBXNativeTarget "flix_demoTests" */ = {
			isa = XCConfigurationList;
			buildConfigurations = (
				DDE8F31D213F506A00A90FC9 /* Debug */,
				DDE8F31E213F506A00A90FC9 /* Release */,
			);
			defaultConfigurationIsVisible = 0;
			defaultConfigurationName = Release;
		};
		DDE8F31F213F506A00A90FC9 /* Build configuration list for PBXNativeTarget "flix_demoUITests" */ = {
			isa = XCConfigurationList;
			buildConfigurations = (
				DDE8F320213F506A00A90FC9 /* Debug */,
				DDE8F321213F506A00A90FC9 /* Release */,
			);
			defaultConfigurationIsVisible = 0;
			defaultConfigurationName = Release;
		};
/* End XCConfigurationList section */
	};
	rootObject = DDE8F2E9213F506800A90FC9 /* Project object */;
}
